// !$*UTF8*$!
{
	archiveVersion = 1;
	classes = {
	};
	objectVersion = 46;
	objects = {

/* Begin PBXBuildFile section */
		6F4696651C26BBEC0053079F /* AppDelegate.swift in Sources */ = {isa = PBXBuildFile; fileRef = 6F4696641C26BBEC0053079F /* AppDelegate.swift */; };
		6F4696671C26BBEC0053079F /* ViewController.swift in Sources */ = {isa = PBXBuildFile; fileRef = 6F4696661C26BBEC0053079F /* ViewController.swift */; };
		6F46966A1C26BBEC0053079F /* Main.storyboard in Resources */ = {isa = PBXBuildFile; fileRef = 6F4696681C26BBEC0053079F /* Main.storyboard */; };
		6F46966C1C26BBEC0053079F /* Assets.xcassets in Resources */ = {isa = PBXBuildFile; fileRef = 6F46966B1C26BBEC0053079F /* Assets.xcassets */; };
		6F46966F1C26BBEC0053079F /* LaunchScreen.storyboard in Resources */ = {isa = PBXBuildFile; fileRef = 6F46966D1C26BBEC0053079F /* LaunchScreen.storyboard */; };
/* End PBXBuildFile section */

/* Begin PBXFileReference section */
		6F4696611C26BBEC0053079F /* my-tapper-game.app */ = {isa = PBXFileReference; explicitFileType = wrapper.application; includeInIndex = 0; path = "my-tapper-game.app"; sourceTree = BUILT_PRODUCTS_DIR; };
		6F4696641C26BBEC0053079F /* AppDelegate.swift */ = {isa = PBXFileReference; lastKnownFileType = sourcecode.swift; path = AppDelegate.swift; sourceTree = "<group>"; };
		6F4696661C26BBEC0053079F /* ViewController.swift */ = {isa = PBXFileReference; lastKnownFileType = sourcecode.swift; path = ViewController.swift; sourceTree = "<group>"; };
		6F4696691C26BBEC0053079F /* Base */ = {isa = PBXFileReference; lastKnownFileType = file.storyboard; name = Base; path = Base.lproj/Main.storyboard; sourceTree = "<group>"; };
		6F46966B1C26BBEC0053079F /* Assets.xcassets */ = {isa = PBXFileReference; lastKnownFileType = folder.assetcatalog; path = Assets.xcassets; sourceTree = "<group>"; };
		6F46966E1C26BBEC0053079F /* Base */ = {isa = PBXFileReference; lastKnownFileType = file.storyboard; name = Base; path = Base.lproj/LaunchScreen.storyboard; sourceTree = "<group>"; };
		6F4696701C26BBEC0053079F /* Info.plist */ = {isa = PBXFileReference; lastKnownFileType = text.plist.xml; path = Info.plist; sourceTree = "<group>"; };
/* End PBXFileReference section */

/* Begin PBXFrameworksBuildPhase section */
		6F46965E1C26BBEC0053079F /* Frameworks */ = {
			isa = PBXFrameworksBuildPhase;
			buildActionMask = 2147483647;
			files = (
			);
			runOnlyForDeploymentPostprocessing = 0;
		};
/* End PBXFrameworksBuildPhase section */

/* Begin PBXGroup section */
		6F4696581C26BBEC0053079F = {
			isa = PBXGroup;
			children = (
				6F4696631C26BBEC0053079F /* my-tapper-game */,
				6F4696621C26BBEC0053079F /* Products */,
			);
			sourceTree = "<group>";
		};
		6F4696621C26BBEC0053079F /* Products */ = {
			isa = PBXGroup;
			children = (
				6F4696611C26BBEC0053079F /* my-tapper-game.app */,
			);
			name = Products;
			sourceTree = "<group>";
		};
		6F4696631C26BBEC0053079F /* my-tapper-game */ = {
			isa = PBXGroup;
			children = (
				6F4696641C26BBEC0053079F /* AppDelegate.swift */,
				6F4696661C26BBEC0053079F /* ViewController.swift */,
				6F4696681C26BBEC0053079F /* Main.storyboard */,
				6F46966B1C26BBEC0053079F /* Assets.xcassets */,
				6F46966D1C26BBEC0053079F /* LaunchScreen.storyboard */,
				6F4696701C26BBEC0053079F /* Info.plist */,
			);
			path = "my-tapper-game";
			sourceTree = "<group>";
		};
/* End PBXGroup section */

/* Begin PBXNativeTarget section */
		6F4696601C26BBEC0053079F /* my-tapper-game */ = {
			isa = PBXNativeTarget;
			buildConfigurationList = 6F4696731C26BBEC0053079F /* Build configuration list for PBXNativeTarget "my-tapper-game" */;
			buildPhases = (
				6F46965D1C26BBEC0053079F /* Sources */,
				6F46965E1C26BBEC0053079F /* Frameworks */,
				6F46965F1C26BBEC0053079F /* Resources */,
			);
			buildRules = (
			);
			dependencies = (
			);
			name = "my-tapper-game";
			productName = "my-tapper-game";
			productReference = 6F4696611C26BBEC0053079F /* my-tapper-game.app */;
			productType = "com.apple.product-type.application";
		};
/* End PBXNativeTarget section */

/* Begin PBXProject section */
		6F4696591C26BBEC0053079F /* Project object */ = {
			isa = PBXProject;
			attributes = {
				LastSwiftUpdateCheck = 0720;
				LastUpgradeCheck = 0720;
				ORGANIZATIONNAME = "Ville-Matti Hakanpää";
				TargetAttributes = {
					6F4696601C26BBEC0053079F = {
						CreatedOnToolsVersion = 7.2;
						DevelopmentTeam = 7U43JMHDZF;
					};
				};
			};
			buildConfigurationList = 6F46965C1C26BBEC0053079F /* Build configuration list for PBXProject "my-tapper-game" */;
			compatibilityVersion = "Xcode 3.2";
			developmentRegion = English;
			hasScannedForEncodings = 0;
			knownRegions = (
				en,
				Base,
			);
			mainGroup = 6F4696581C26BBEC0053079F;
			productRefGroup = 6F4696621C26BBEC0053079F /* Products */;
			projectDirPath = "";
			projectRoot = "";
			targets = (
				6F4696601C26BBEC0053079F /* my-tapper-game */,
			);
		};
/* End PBXProject section */

/* Begin PBXResourcesBuildPhase section */
		6F46965F1C26BBEC0053079F /* Resources */ = {
			isa = PBXResourcesBuildPhase;
			buildActionMask = 2147483647;
			files = (
				6F46966F1C26BBEC0053079F /* LaunchScreen.storyboard in Resources */,
				6F46966C1C26BBEC0053079F /* Assets.xcassets in Resources */,
				6F46966A1C26BBEC0053079F /* Main.storyboard in Resources */,
			);
			runOnlyForDeploymentPostprocessing = 0;
		};
/* End PBXResourcesBuildPhase section */

/* Begin PBXSourcesBuildPhase section */
		6F46965D1C26BBEC0053079F /* Sources */ = {
			isa = PBXSourcesBuildPhase;
			buildActionMask = 2147483647;
			files = (
				6F4696671C26BBEC0053079F /* ViewController.swift in Sources */,
				6F4696651C26BBEC0053079F /* AppDelegate.swift in Sources */,
			);
			runOnlyForDeploymentPostprocessing = 0;
		};
/* End PBXSourcesBuildPhase section */

/* Begin PBXVariantGroup section */
		6F4696681C26BBEC0053079F /* Main.storyboard */ = {
			isa = PBXVariantGroup;
			children = (
				6F4696691C26BBEC0053079F /* Base */,
			);
			name = Main.storyboard;
			sourceTree = "<group>";
		};
		6F46966D1C26BBEC0053079F /* LaunchScreen.storyboard */ = {
			isa = PBXVariantGroup;
			children = (
				6F46966E1C26BBEC0053079F /* Base */,
			);
			name = LaunchScreen.storyboard;
			sourceTree = "<group>";
		};
/* End PBXVariantGroup section */

/* Begin XCBuildConfiguration section */
		6F4696711C26BBEC0053079F /* Debug */ = {
			isa = XCBuildConfiguration;
			buildSettings = {
				ALWAYS_SEARCH_USER_PATHS = NO;
				CLANG_CXX_LANGUAGE_STANDARD = "gnu++0x";
				CLANG_CXX_LIBRARY = "libc++";
				CLANG_ENABLE_MODULES = YES;
				CLANG_ENABLE_OBJC_ARC = YES;
				CLANG_WARN_BOOL_CONVERSION = YES;
				CLANG_WARN_CONSTANT_CONVERSION = YES;
				CLANG_WARN_DIRECT_OBJC_ISA_USAGE = YES_ERROR;
				CLANG_WARN_EMPTY_BODY = YES;
				CLANG_WARN_ENUM_CONVERSION = YES;
				CLANG_WARN_INT_CONVERSION = YES;
				CLANG_WARN_OBJC_ROOT_CLASS = YES_ERROR;
				CLANG_WARN_UNREACHABLE_CODE = YES;
				CLANG_WARN__DUPLICATE_METHOD_MATCH = YES;
				"CODE_SIGN_IDENTITY[sdk=iphoneos*]" = "iPhone Developer";
				COPY_PHASE_STRIP = NO;
				DEBUG_INFORMATION_FORMAT = dwarf;
				ENABLE_STRICT_OBJC_MSGSEND = YES;
				ENABLE_TESTABILITY = YES;
				GCC_C_LANGUAGE_STANDARD = gnu99;
				GCC_DYNAMIC_NO_PIC = NO;
				GCC_NO_COMMON_BLOCKS = YES;
				GCC_OPTIMIZATION_LEVEL = 0;
				GCC_PREPROCESSOR_DEFINITIONS = (
					"DEBUG=1",
					"$(inherited)",
				);
				GCC_WARN_64_TO_32_BIT_CONVERSION = YES;
				GCC_WARN_ABOUT_RETURN_TYPE = YES_ERROR;
				GCC_WARN_UNDECLARED_SELECTOR = YES;
				GCC_WARN_UNINITIALIZED_AUTOS = YES_AGGRESSIVE;
				GCC_WARN_UNUSED_FUNCTION = YES;
				GCC_WARN_UNUSED_VARIABLE = YES;
				IPHONEOS_DEPLOYMENT_TARGET = 9.2;
				MTL_ENABLE_DEBUG_INFO = YES;
				ONLY_ACTIVE_ARCH = YES;
				SDKROOT = iphoneos;
				SWIFT_OPTIMIZATION_LEVEL = "-Onone";
			};
			name = Debug;
		};
		6F4696721C26BBEC0053079F /* Release */ = {
			isa = XCBuildConfiguration;
			buildSettings = {
				ALWAYS_SEARCH_USER_PATHS = NO;
				CLANG_CXX_LANGUAGE_STANDARD = "gnu++0x";
				CLANG_CXX_LIBRARY = "libc++";
				CLANG_ENABLE_MODULES = YES;
				CLANG_ENABLE_OBJC_ARC = YES;
				CLANG_WARN_BOOL_CONVERSION = YES;
				CLANG_WARN_CONSTANT_CONVERSION = YES;
				CLANG_WARN_DIRECT_OBJC_ISA_USAGE = YES_ERROR;
				CLANG_WARN_EMPTY_BODY = YES;
				CLANG_WARN_ENUM_CONVERSION = YES;
				CLANG_WARN_INT_CONVERSION = YES;
				CLANG_WARN_OBJC_ROOT_CLASS = YES_ERROR;
				CLANG_WARN_UNREACHABLE_CODE = YES;
				CLANG_WARN__DUPLICATE_METHOD_MATCH = YES;
				"CODE_SIGN_IDENTITY[sdk=iphoneos*]" = "iPhone Developer";
				COPY_PHASE_STRIP = NO;
				DEBUG_INFORMATION_FORMAT = "dwarf-with-dsym";
				ENABLE_NS_ASSERTIONS = NO;
				ENABLE_STRICT_OBJC_MSGSEND = YES;
				GCC_C_LANGUAGE_STANDARD = gnu99;
				GCC_NO_COMMON_BLOCKS = YES;
				GCC_WARN_64_TO_32_BIT_CONVERSION = YES;
				GCC_WARN_ABOUT_RETURN_TYPE = YES_ERROR;
				GCC_WARN_UNDECLARED_SELECTOR = YES;
				GCC_WARN_UNINITIALIZED_AUTOS = YES_AGGRESSIVE;
				GCC_WARN_UNUSED_FUNCTION = YES;
				GCC_WARN_UNUSED_VARIABLE = YES;
				IPHONEOS_DEPLOYMENT_TARGET = 9.2;
				MTL_ENABLE_DEBUG_INFO = NO;
				SDKROOT = iphoneos;
				VALIDATE_PRODUCT = YES;
			};
			name = Release;
		};
		6F4696741C26BBEC0053079F /* Debug */ = {
			isa = XCBuildConfiguration;
			buildSettings = {
				ASSETCATALOG_COMPILER_APPICON_NAME = AppIcon;
				INFOPLIST_FILE = "my-tapper-game/Info.plist";
				LD_RUNPATH_SEARCH_PATHS = "$(inherited) @executable_path/Frameworks";
				PRODUCT_BUNDLE_IDENTIFIER = "com.dapper.my-tapper-game";
				PRODUCT_NAME = "$(TARGET_NAME)";
			};
			name = Debug;
		};
		6F4696751C26BBEC0053079F /* Release */ = {
			isa = XCBuildConfiguration;
			buildSettings = {
				ASSETCATALOG_COMPILER_APPICON_NAME = AppIcon;
				INFOPLIST_FILE = "my-tapper-game/Info.plist";
				LD_RUNPATH_SEARCH_PATHS = "$(inherited) @executable_path/Frameworks";
				PRODUCT_BUNDLE_IDENTIFIER = "com.dapper.my-tapper-game";
				PRODUCT_NAME = "$(TARGET_NAME)";
			};
			name = Release;
		};
/* End XCBuildConfiguration section */

/* Begin XCConfigurationList section */
		6F46965C1C26BBEC0053079F /* Build configuration list for PBXProject "my-tapper-game" */ = {
			isa = XCConfigurationList;
			buildConfigurations = (
				6F4696711C26BBEC0053079F /* Debug */,
				6F4696721C26BBEC0053079F /* Release */,
			);
			defaultConfigurationIsVisible = 0;
			defaultConfigurationName = Release;
		};
		6F4696731C26BBEC0053079F /* Build configuration list for PBXNativeTarget "my-tapper-game" */ = {
			isa = XCConfigurationList;
			buildConfigurations = (
				6F4696741C26BBEC0053079F /* Debug */,
				6F4696751C26BBEC0053079F /* Release */,
			);
			defaultConfigurationIsVisible = 0;
		};
/* End XCConfigurationList section */
	};
	rootObject = 6F4696591C26BBEC0053079F /* Project object */;
}
